PODS:
  - Nimble (7.3.1)
  - PureLayout (3.1.4)
  - Quick (1.3.2)
  - ReactiveCocoa (8.0.2):
    - ReactiveSwift (~> 4.0)
  - ReactiveSwift (4.0.0):
    - Result (~> 4.0)
  - Result (4.1.0)

DEPENDENCIES:
  - Nimble (= 7.3.1)
  - PureLayout (= 3.1.4)
  - Quick (= 1.3.2)
  - ReactiveCocoa (= 8.0.2)
  - ReactiveSwift (= 4.0.0)
  - Result (= 4.1.0)

SPEC REPOS:
  https://github.com/cocoapods/specs.git:
    - Nimble
    - PureLayout
    - Quick
    - ReactiveCocoa
    - ReactiveSwift
    - Result

SPEC CHECKSUMS:
  Nimble: 04f732da099ea4d153122aec8c2a88fd0c7219ae
  PureLayout: f08c01b8dec00bb14a1fefa3de4c7d9c265df85e
  Quick: 2623cb30d7a7f41ca62f684f679586558f483d46
  ReactiveCocoa: fbd26e9ba60e98417ee47433e59465a98ed9da0f
  ReactiveSwift: a2bb9ace428a109e9c0209615645d9d286c8c433
  Result: bd966fac789cc6c1563440b348ab2598cc24d5c7

PODFILE CHECKSUM: a35b7568bdf720ee5b7331de58e62f69f147c7b3

COCOAPODS: 1.5.3
